PODS:
  - AFNetworking (3.2.1):
    - AFNetworking/NSURLSession (= 3.2.1)
    - AFNetworking/Reachability (= 3.2.1)
    - AFNetworking/Security (= 3.2.1)
    - AFNetworking/Serialization (= 3.2.1)
    - AFNetworking/UIKit (= 3.2.1)
  - AFNetworking/NSURLSession (3.2.1):
    - AFNetworking/Reachability
    - AFNetworking/Security
    - AFNetworking/Serialization
  - AFNetworking/Reachability (3.2.1)
  - AFNetworking/Security (3.2.1)
  - AFNetworking/Serialization (3.2.1)
  - AFNetworking/UIKit (3.2.1):
    - AFNetworking/NSURLSession
  - Bugly (2.5.0)
  - FMDB (2.7.2):
    - FMDB/standard (= 2.7.2)
  - FMDB/standard (2.7.2)
  - IQKeyboardManager (6.2.0)
  - Masonry (1.1.0)
  - MBProgressHUD (0.9.2)
  - MJExtension (3.0.15.1)
  - MJRefresh (3.1.15.7)
  - SDCycleScrollView (1.75):
    - SDWebImage (>= 4.0.0)
  - SDWebImage (4.4.6):
    - SDWebImage/Core (= 4.4.6)
  - SDWebImage/Core (4.4.6)
  - SSZipArchive (2.1.4)
  - TencentOpenAPI-Unofficial (3.3.3)
  - UMCCommon (2.0.0)
  - UMCSecurityPlugins (1.0.6)
  - UMCShare/Core (6.9.5):
    - UMCCommon
  - UMCShare/Social/ReducedQQ (6.9.5):
    - UMCCommon
    - UMCShare/Core
  - UMCShare/Social/ReducedWeChat (6.9.5):
    - UMCCommon
    - UMCShare/Core
  - UMCShare/UI (6.9.5):
    - UMCCommon
    - UMCShare/Core
  - WechatOpenSDK (1.8.2)
  - YYKit (1.0.9):
    - YYKit/no-arc (= 1.0.9)
  - YYKit/no-arc (1.0.9)
  - YYModel (1.0.4)

DEPENDENCIES:
  - AFNetworking (= 3.2.1)
  - Bugly (= 2.5.0)
  - FMDB (= 2.7.2)
  - IQKeyboardManager (= 6.2.0)
  - Masonry (= 1.1.0)
  - MBProgressHUD (= 0.9.2)
  - MJExtension (= 3.0.15.1)
  - MJRefresh (= 3.1.15.7)
  - SDCycleScrollView (= 1.75)
  - SDWebImage (= 4.4.6)
  - SSZipArchive
  - TencentOpenAPI-Unofficial (~> 3.3.0)
  - UMCCommon
  - UMCSecurityPlugins
  - UMCShare/Social/ReducedQQ
  - UMCShare/Social/ReducedWeChat
  - UMCShare/UI
  - WechatOpenSDK (= 1.8.2)
  - YYKit (= 1.0.9)
  - YYModel (= 1.0.4)

SPEC REPOS:
  https://github.com/cocoapods/specs.git:
    - AFNetworking
    - Bugly
    - FMDB
    - IQKeyboardManager
    - Masonry
    - MBProgressHUD
    - MJExtension
    - MJRefresh
    - SDCycleScrollView
    - SDWebImage
    - SSZipArchive
    - TencentOpenAPI-Unofficial
    - UMCCommon
    - UMCSecurityPlugins
    - UMCShare
    - WechatOpenSDK
    - YYKit
    - YYModel

SPEC CHECKSUMS:
  AFNetworking: b6f891fdfaed196b46c7a83cf209e09697b94057
  Bugly: 3ca9f255c01025582df26f9222893b383c7e4b4e
  FMDB: 6198a90e7b6900cfc046e6bc0ef6ebb7be9236aa
  IQKeyboardManager: 6194101620b73af5e67900b8f89707a99de0b804
  Masonry: 678fab65091a9290e40e2832a55e7ab731aad201
  MBProgressHUD: 1569cf7ace17a8bac47aabfbb8580a49690386d1
  MJExtension: 19bc33ce2eee2d319760f5622562cf581a6ff756
  MJRefresh: 697f8ec75ebdbe9207767bb682cf0f51b0d8a41f
  SDCycleScrollView: 884b88f0266dd4708a0e1934975c69cb971707b1
  SDWebImage: 3f3f0c02f09798048c47a5ed0a13f17b063572d8
  SSZipArchive: 41455d4b8d2b6ab93990820b50dc697c2554a322
  TencentOpenAPI-Unofficial: 9647ceacd0e843094ffc94b2ddc0c1c060055dde
  UMCCommon: 79b5a614c958db367113eed5740109d9a98e1223
  UMCSecurityPlugins: 0831a08f3988f3cea9f1d3a7626cd9bee4fef150
  UMCShare: 552b29753f1b4da87b51d96545ed19e6263df397
  WechatOpenSDK: 676feec516a11173eafd1fe64b10d27babf28701
  YYKit: 7cda43304a8dc3696c449041e2cb3107b4e236e7
  YYModel: 2a7fdd96aaa4b86a824e26d0c517de8928c04b30

PODFILE CHECKSUM: 54cbeb6f6f913efe4c5be9e4f039adaf6acd6d25

COCOAPODS: 1.5.2
